
Microsoft Visual Studio Solution File, Format Version 11.00
# Visual Studio 2010
Project("{FAE04EC0-301F-11D3-BF4B-00C04F79EFBC}") = "GeometricReplication", "GeometricReplication\GeometricReplication\GeometricReplication.csproj", "{5A7E3E0B-8735-497B-9D18-41B4A26AEC2C}"
EndProject
Project("{FAE04EC0-301F-11D3-BF4B-00C04F79EFBC}") = "GeometricReplicationContent", "GeometricReplication\GeometricReplicationContent\GeometricReplicationContent.contentproj", "{80C54A8C-A94C-482C-8D13-E0B1194304C1}"
EndProject
Project("{FAE04EC0-301F-11D3-BF4B-00C04F79EFBC}") = "TestBed 3.2 XNA", "Farseer Physics Engine 3.2 Testbed XNA\Testbed 3.2 XNA\TestBed 3.2 XNA.csproj", "{299B2C66-6731-4FC6-8E2D-F08BBE2F999C}"
EndProject
Project("{FAE04EC0-301F-11D3-BF4B-00C04F79EFBC}") = "DebugView 3.2 XNA", "Farseer Physics Engine 3.2 Testbed XNA\DebugView 3.2 XNA\DebugView 3.2 XNA.csproj", "{FC7845FA-13FE-4FF8-822A-A577F3F59B00}"
EndProject
Project("{FAE04EC0-301F-11D3-BF4B-00C04F79EFBC}") = "Farseer Physics 3.2 XNA", "Farseer Physics Engine 3.2 Testbed XNA\Farseer Physics Engine 3.2 XNA\Farseer Physics 3.2 XNA.csproj", "{0A850700-1ABB-4288-A391-6726B90EBEB9}"
EndProject
Project("{FAE04EC0-301F-11D3-BF4B-00C04F79EFBC}") = "DebugView 3.2 XNA Content", "Farseer Physics Engine 3.2 Testbed XNA\DebugView 3.2 XNA\Content\DebugView 3.2 XNA Content.contentproj", "{AC26EDE1-2A42-4A57-BEEE-9603FCAC9317}"
EndProject
Global
	GlobalSection(SolutionConfigurationPlatforms) = preSolution
		Debug|Any CPU = Debug|Any CPU
		Debug|x86 = Debug|x86
		Release|Any CPU = Release|Any CPU
		Release|x86 = Release|x86
	EndGlobalSection
	GlobalSection(ProjectConfigurationPlatforms) = postSolution
		{5A7E3E0B-8735-497B-9D18-41B4A26AEC2C}.Debug|Any CPU.ActiveCfg = Debug|x86
		{5A7E3E0B-8735-497B-9D18-41B4A26AEC2C}.Debug|x86.ActiveCfg = Debug|x86
		{5A7E3E0B-8735-497B-9D18-41B4A26AEC2C}.Debug|x86.Build.0 = Debug|x86
		{5A7E3E0B-8735-497B-9D18-41B4A26AEC2C}.Release|Any CPU.ActiveCfg = Release|x86
		{5A7E3E0B-8735-497B-9D18-41B4A26AEC2C}.Release|x86.ActiveCfg = Release|x86
		{5A7E3E0B-8735-497B-9D18-41B4A26AEC2C}.Release|x86.Build.0 = Release|x86
		{80C54A8C-A94C-482C-8D13-E0B1194304C1}.Debug|Any CPU.ActiveCfg = Debug|x86
		{80C54A8C-A94C-482C-8D13-E0B1194304C1}.Debug|x86.ActiveCfg = Debug|x86
		{80C54A8C-A94C-482C-8D13-E0B1194304C1}.Release|Any CPU.ActiveCfg = Release|x86
		{80C54A8C-A94C-482C-8D13-E0B1194304C1}.Release|x86.ActiveCfg = Release|x86
		{299B2C66-6731-4FC6-8E2D-F08BBE2F999C}.Debug|Any CPU.ActiveCfg = Debug|x86
		{299B2C66-6731-4FC6-8E2D-F08BBE2F999C}.Debug|x86.ActiveCfg = Debug|x86
		{299B2C66-6731-4FC6-8E2D-F08BBE2F999C}.Debug|x86.Build.0 = Debug|x86
		{299B2C66-6731-4FC6-8E2D-F08BBE2F999C}.Release|Any CPU.ActiveCfg = Release|x86
		{299B2C66-6731-4FC6-8E2D-F08BBE2F999C}.Release|x86.ActiveCfg = Release|x86
		{299B2C66-6731-4FC6-8E2D-F08BBE2F999C}.Release|x86.Build.0 = Release|x86
		{FC7845FA-13FE-4FF8-822A-A577F3F59B00}.Debug|Any CPU.ActiveCfg = Debug|x86
		{FC7845FA-13FE-4FF8-822A-A577F3F59B00}.Debug|x86.ActiveCfg = Debug|x86
		{FC7845FA-13FE-4FF8-822A-A577F3F59B00}.Debug|x86.Build.0 = Debug|x86
		{FC7845FA-13FE-4FF8-822A-A577F3F59B00}.Release|Any CPU.ActiveCfg = Release|x86
		{FC7845FA-13FE-4FF8-822A-A577F3F59B00}.Release|x86.ActiveCfg = Release|x86
		{FC7845FA-13FE-4FF8-822A-A577F3F59B00}.Release|x86.Build.0 = Release|x86
		{0A850700-1ABB-4288-A391-6726B90EBEB9}.Debug|Any CPU.ActiveCfg = Debug|x86
		{0A850700-1ABB-4288-A391-6726B90EBEB9}.Debug|x86.ActiveCfg = Debug|x86
		{0A850700-1ABB-4288-A391-6726B90EBEB9}.Debug|x86.Build.0 = Debug|x86
		{0A850700-1ABB-4288-A391-6726B90EBEB9}.Release|Any CPU.ActiveCfg = Release|x86
		{0A850700-1ABB-4288-A391-6726B90EBEB9}.Release|x86.ActiveCfg = Release|x86
		{0A850700-1ABB-4288-A391-6726B90EBEB9}.Release|x86.Build.0 = Release|x86
		{AC26EDE1-2A42-4A57-BEEE-9603FCAC9317}.Debug|Any CPU.ActiveCfg = Debug|Any CPU
		{AC26EDE1-2A42-4A57-BEEE-9603FCAC9317}.Debug|x86.ActiveCfg = Debug|Any CPU
		{AC26EDE1-2A42-4A57-BEEE-9603FCAC9317}.Release|Any CPU.ActiveCfg = Debug|Any CPU
		{AC26EDE1-2A42-4A57-BEEE-9603FCAC9317}.Release|x86.ActiveCfg = Debug|Any CPU
	EndGlobalSection
	GlobalSection(SolutionProperties) = preSolution
		HideSolutionNode = FALSE
	EndGlobalSection
EndGlobal
